
Microsoft Visual Studio Solution File, Format Version 12.00
# Visual Studio 2017
Project("{FAE04EC0-301F-11D3-BF4B-00C04F79EFBC}") = "OSWorld", "OSWorld.csproj", "{6F0DB66A-BC8B-E6DC-B458-76B76050D0DF}"
EndProject
Project("{FAE04EC0-301F-11D3-BF4B-00C04F79EFBC}") = "OSWorld", "OSWorld.csproj", "{6F0DB66A-BC8B-E6DC-B458-76B76050D0DF}"
EndProject
Project("{FAE04EC0-301F-11D3-BF4B-00C04F79EFBC}") = "OSWorld.Plugins", "OSWorld.Plugins.csproj", "{B17E9431-67A6-600F-EB2E-33D6B5909787}"
EndProject
Project("{FAE04EC0-301F-11D3-BF4B-00C04F79EFBC}") = "OSWorld", "OSWorld.csproj", "{6F0DB66A-BC8B-E6DC-B458-76B76050D0DF}"
EndProject
Project("{FAE04EC0-301F-11D3-BF4B-00C04F79EFBC}") = "OSWorld.Editor", "OSWorld.Editor.csproj", "{AD776704-1E73-C7E7-13D1-258F86859DDF}"
EndProject
Project("{FAE04EC0-301F-11D3-BF4B-00C04F79EFBC}") = "OSWorld.Editor.Plugins", "OSWorld.Editor.Plugins.csproj", "{F41567B0-52CA-5F25-C2D3-A3221E0AD786}"
EndProject
Project("{FAE04EC0-301F-11D3-BF4B-00C04F79EFBC}") = "OSWorld.Editor", "OSWorld.Editor.csproj", "{AD776704-1E73-C7E7-13D1-258F86859DDF}"
EndProject
Project("{FAE04EC0-301F-11D3-BF4B-00C04F79EFBC}") = "OSWorld.Editor", "OSWorld.Editor.csproj", "{AD776704-1E73-C7E7-13D1-258F86859DDF}"
EndProject
Global
	GlobalSection(SolutionConfigurationPlatforms) = preSolution
		Debug|Any CPU = Debug|Any CPU
		Release|Any CPU = Release|Any CPU
	EndGlobalSection
	GlobalSection(ProjectConfigurationPlatforms) = postSolution
		{6F0DB66A-BC8B-E6DC-B458-76B76050D0DF}.Debug|Any CPU.ActiveCfg = Debug|Any CPU
		{6F0DB66A-BC8B-E6DC-B458-76B76050D0DF}.Debug|Any CPU.Build.0 = Debug|Any CPU
		{6F0DB66A-BC8B-E6DC-B458-76B76050D0DF}.Release|Any CPU.ActiveCfg = Release|Any CPU
		{6F0DB66A-BC8B-E6DC-B458-76B76050D0DF}.Release|Any CPU.Build.0 = Release|Any CPU
		{6F0DB66A-BC8B-E6DC-B458-76B76050D0DF}.Debug|Any CPU.ActiveCfg = Debug|Any CPU
		{6F0DB66A-BC8B-E6DC-B458-76B76050D0DF}.Debug|Any CPU.Build.0 = Debug|Any CPU
		{6F0DB66A-BC8B-E6DC-B458-76B76050D0DF}.Release|Any CPU.ActiveCfg = Release|Any CPU
		{6F0DB66A-BC8B-E6DC-B458-76B76050D0DF}.Release|Any CPU.Build.0 = Release|Any CPU
		{B17E9431-67A6-600F-EB2E-33D6B5909787}.Debug|Any CPU.ActiveCfg = Debug|Any CPU
		{B17E9431-67A6-600F-EB2E-33D6B5909787}.Debug|Any CPU.Build.0 = Debug|Any CPU
		{B17E9431-67A6-600F-EB2E-33D6B5909787}.Release|Any CPU.ActiveCfg = Release|Any CPU
		{B17E9431-67A6-600F-EB2E-33D6B5909787}.Release|Any CPU.Build.0 = Release|Any CPU
		{6F0DB66A-BC8B-E6DC-B458-76B76050D0DF}.Debug|Any CPU.ActiveCfg = Debug|Any CPU
		{6F0DB66A-BC8B-E6DC-B458-76B76050D0DF}.Debug|Any CPU.Build.0 = Debug|Any CPU
		{6F0DB66A-BC8B-E6DC-B458-76B76050D0DF}.Release|Any CPU.ActiveCfg = Release|Any CPU
		{6F0DB66A-BC8B-E6DC-B458-76B76050D0DF}.Release|Any CPU.Build.0 = Release|Any CPU
		{AD776704-1E73-C7E7-13D1-258F86859DDF}.Debug|Any CPU.ActiveCfg = Debug|Any CPU
		{AD776704-1E73-C7E7-13D1-258F86859DDF}.Debug|Any CPU.Build.0 = Debug|Any CPU
		{AD776704-1E73-C7E7-13D1-258F86859DDF}.Release|Any CPU.ActiveCfg = Release|Any CPU
		{AD776704-1E73-C7E7-13D1-258F86859DDF}.Release|Any CPU.Build.0 = Release|Any CPU
		{F41567B0-52CA-5F25-C2D3-A3221E0AD786}.Debug|Any CPU.ActiveCfg = Debug|Any CPU
		{F41567B0-52CA-5F25-C2D3-A3221E0AD786}.Debug|Any CPU.Build.0 = Debug|Any CPU
		{F41567B0-52CA-5F25-C2D3-A3221E0AD786}.Release|Any CPU.ActiveCfg = Release|Any CPU
		{F41567B0-52CA-5F25-C2D3-A3221E0AD786}.Release|Any CPU.Build.0 = Release|Any CPU
		{AD776704-1E73-C7E7-13D1-258F86859DDF}.Debug|Any CPU.ActiveCfg = Debug|Any CPU
		{AD776704-1E73-C7E7-13D1-258F86859DDF}.Debug|Any CPU.Build.0 = Debug|Any CPU
		{AD776704-1E73-C7E7-13D1-258F86859DDF}.Release|Any CPU.ActiveCfg = Release|Any CPU
		{AD776704-1E73-C7E7-13D1-258F86859DDF}.Release|Any CPU.Build.0 = Release|Any CPU
		{AD776704-1E73-C7E7-13D1-258F86859DDF}.Debug|Any CPU.ActiveCfg = Debug|Any CPU
		{AD776704-1E73-C7E7-13D1-258F86859DDF}.Debug|Any CPU.Build.0 = Debug|Any CPU
		{AD776704-1E73-C7E7-13D1-258F86859DDF}.Release|Any CPU.ActiveCfg = Release|Any CPU
		{AD776704-1E73-C7E7-13D1-258F86859DDF}.Release|Any CPU.Build.0 = Release|Any CPU
	EndGlobalSection
	GlobalSection(SolutionProperties) = preSolution
		HideSolutionNode = FALSE
	EndGlobalSection
EndGlobal
